
Microsoft Visual Studio Solution File, Format Version 12.00
# Visual Studio Version 17
VisualStudioVersion = 17.9.34622.214
MinimumVisualStudioVersion = 10.0.40219.1
Project("{FAE04EC0-301F-11D3-BF4B-00C04F79EFBC}") = "OlapLibrary", "OlapLibrary\OlapLibrary.csproj", "{03440C97-5B5C-4175-BE9F-013C07061276}"
EndProject
Global
	GlobalSection(SolutionConfigurationPlatforms) = preSolution
		Debug|Any CPU = Debug|Any CPU
		Release|Any CPU = Release|Any CPU
	EndGlobalSection
	GlobalSection(ProjectConfigurationPlatforms) = postSolution
		{03440C97-5B5C-4175-BE9F-013C07061276}.Debug|Any CPU.ActiveCfg = Debug|Any CPU
		{03440C97-5B5C-4175-BE9F-013C07061276}.Debug|Any CPU.Build.0 = Debug|Any CPU
		{03440C97-5B5C-4175-BE9F-013C07061276}.Release|Any CPU.ActiveCfg = Release|Any CPU
		{03440C97-5B5C-4175-BE9F-013C07061276}.Release|Any CPU.Build.0 = Release|Any CPU
	EndGlobalSection
	GlobalSection(SolutionProperties) = preSolution
		HideSolutionNode = FALSE
	EndGlobalSection
	GlobalSection(ExtensibilityGlobals) = postSolution
		SolutionGuid = {8812D9EB-2091-4BC9-A20B-D96C55DEEDD3}
	EndGlobalSection
EndGlobal
